
Microsoft Visual Studio Solution File, Format Version 12.00
# Visual Studio 15
Project("{FAE04EC0-301F-11D3-BF4B-00C04F79EFBC}") = "ZFBrowser", "ZFBrowser.csproj", "{DE85CD6E-B928-C9DE-A259-279D505F4D01}"
EndProject
Project("{FAE04EC0-301F-11D3-BF4B-00C04F79EFBC}") = "MSP2050", "MSP2050.csproj", "{0F8C796E-B197-F16E-2934-5EED467AB7E6}"
EndProject
Project("{FAE04EC0-301F-11D3-BF4B-00C04F79EFBC}") = "MSP2050Plugins", "MSP2050Plugins.csproj", "{EEFF5701-D527-2270-E04D-9442EAD0F113}"
EndProject
Project("{FAE04EC0-301F-11D3-BF4B-00C04F79EFBC}") = "GraphMaker", "GraphMaker.csproj", "{59D824F1-77D0-5044-2DF1-9B683F949A90}"
EndProject
Project("{FAE04EC0-301F-11D3-BF4B-00C04F79EFBC}") = "Sirenix.OdinInspector.CompatibilityLayer", "Sirenix.OdinInspector.CompatibilityLayer.csproj", "{1B5A91F9-EE8F-5A54-BE3E-0BED3E51CF02}"
EndProject
Project("{FAE04EC0-301F-11D3-BF4B-00C04F79EFBC}") = "SoftwareRasterizerLib", "SoftwareRasterizerLib.csproj", "{98E069AF-FBEE-9658-0CE7-87EA89E7ADE8}"
EndProject
Project("{FAE04EC0-301F-11D3-BF4B-00C04F79EFBC}") = "Sirenix.OdinInspector.CompatibilityLayer.Editor", "Sirenix.OdinInspector.CompatibilityLayer.Editor.csproj", "{1E7CBD68-6530-767E-511A-7F84C9C91529}"
EndProject
Project("{FAE04EC0-301F-11D3-BF4B-00C04F79EFBC}") = "GraphMakerEditor", "GraphMakerEditor.csproj", "{78BA07F0-C851-D0C6-9E6A-D9E96246396B}"
EndProject
Project("{FAE04EC0-301F-11D3-BF4B-00C04F79EFBC}") = "ZFBrowser-Editor", "ZFBrowser-Editor.csproj", "{0CDACBF1-DB88-EC95-9ED9-132D384EB0E9}"
EndProject
Project("{FAE04EC0-301F-11D3-BF4B-00C04F79EFBC}") = "AH_AssemblyDefinition", "AH_AssemblyDefinition.csproj", "{B75F132F-4737-BE9E-F8D1-B6C20E951D72}"
EndProject
Project("{FAE04EC0-301F-11D3-BF4B-00C04F79EFBC}") = "Heureka_GlobalAssemblyDefinition", "Heureka_GlobalAssemblyDefinition.csproj", "{76CC822B-D016-B16A-1B77-F31AB7A7FFF1}"
EndProject
Project("{FAE04EC0-301F-11D3-BF4B-00C04F79EFBC}") = "MSP2050Editor", "MSP2050Editor.csproj", "{9F14A10C-4EDC-A951-3343-DA32912A6182}"
EndProject
Project("{FAE04EC0-301F-11D3-BF4B-00C04F79EFBC}") = "ShaderForgeEditor", "ShaderForgeEditor.csproj", "{159A1D6F-8951-8D98-EFE5-88979CA00EC9}"
EndProject
Global
	GlobalSection(SolutionConfigurationPlatforms) = preSolution
		Debug|Any CPU = Debug|Any CPU
		Release|Any CPU = Release|Any CPU
	EndGlobalSection
	GlobalSection(ProjectConfigurationPlatforms) = postSolution
		{DE85CD6E-B928-C9DE-A259-279D505F4D01}.Debug|Any CPU.ActiveCfg = Debug|Any CPU
		{DE85CD6E-B928-C9DE-A259-279D505F4D01}.Debug|Any CPU.Build.0 = Debug|Any CPU
		{DE85CD6E-B928-C9DE-A259-279D505F4D01}.Release|Any CPU.ActiveCfg = Release|Any CPU
		{DE85CD6E-B928-C9DE-A259-279D505F4D01}.Release|Any CPU.Build.0 = Release|Any CPU
		{0F8C796E-B197-F16E-2934-5EED467AB7E6}.Debug|Any CPU.ActiveCfg = Debug|Any CPU
		{0F8C796E-B197-F16E-2934-5EED467AB7E6}.Debug|Any CPU.Build.0 = Debug|Any CPU
		{0F8C796E-B197-F16E-2934-5EED467AB7E6}.Release|Any CPU.ActiveCfg = Release|Any CPU
		{0F8C796E-B197-F16E-2934-5EED467AB7E6}.Release|Any CPU.Build.0 = Release|Any CPU
		{EEFF5701-D527-2270-E04D-9442EAD0F113}.Debug|Any CPU.ActiveCfg = Debug|Any CPU
		{EEFF5701-D527-2270-E04D-9442EAD0F113}.Debug|Any CPU.Build.0 = Debug|Any CPU
		{EEFF5701-D527-2270-E04D-9442EAD0F113}.Release|Any CPU.ActiveCfg = Release|Any CPU
		{EEFF5701-D527-2270-E04D-9442EAD0F113}.Release|Any CPU.Build.0 = Release|Any CPU
		{59D824F1-77D0-5044-2DF1-9B683F949A90}.Debug|Any CPU.ActiveCfg = Debug|Any CPU
		{59D824F1-77D0-5044-2DF1-9B683F949A90}.Debug|Any CPU.Build.0 = Debug|Any CPU
		{59D824F1-77D0-5044-2DF1-9B683F949A90}.Release|Any CPU.ActiveCfg = Release|Any CPU
		{59D824F1-77D0-5044-2DF1-9B683F949A90}.Release|Any CPU.Build.0 = Release|Any CPU
		{1B5A91F9-EE8F-5A54-BE3E-0BED3E51CF02}.Debug|Any CPU.ActiveCfg = Debug|Any CPU
		{1B5A91F9-EE8F-5A54-BE3E-0BED3E51CF02}.Debug|Any CPU.Build.0 = Debug|Any CPU
		{1B5A91F9-EE8F-5A54-BE3E-0BED3E51CF02}.Release|Any CPU.ActiveCfg = Release|Any CPU
		{1B5A91F9-EE8F-5A54-BE3E-0BED3E51CF02}.Release|Any CPU.Build.0 = Release|Any CPU
		{98E069AF-FBEE-9658-0CE7-87EA89E7ADE8}.Debug|Any CPU.ActiveCfg = Debug|Any CPU
		{98E069AF-FBEE-9658-0CE7-87EA89E7ADE8}.Debug|Any CPU.Build.0 = Debug|Any CPU
		{98E069AF-FBEE-9658-0CE7-87EA89E7ADE8}.Release|Any CPU.ActiveCfg = Release|Any CPU
		{98E069AF-FBEE-9658-0CE7-87EA89E7ADE8}.Release|Any CPU.Build.0 = Release|Any CPU
		{1E7CBD68-6530-767E-511A-7F84C9C91529}.Debug|Any CPU.ActiveCfg = Debug|Any CPU
		{1E7CBD68-6530-767E-511A-7F84C9C91529}.Debug|Any CPU.Build.0 = Debug|Any CPU
		{1E7CBD68-6530-767E-511A-7F84C9C91529}.Release|Any CPU.ActiveCfg = Release|Any CPU
		{1E7CBD68-6530-767E-511A-7F84C9C91529}.Release|Any CPU.Build.0 = Release|Any CPU
		{78BA07F0-C851-D0C6-9E6A-D9E96246396B}.Debug|Any CPU.ActiveCfg = Debug|Any CPU
		{78BA07F0-C851-D0C6-9E6A-D9E96246396B}.Debug|Any CPU.Build.0 = Debug|Any CPU
		{78BA07F0-C851-D0C6-9E6A-D9E96246396B}.Release|Any CPU.ActiveCfg = Release|Any CPU
		{78BA07F0-C851-D0C6-9E6A-D9E96246396B}.Release|Any CPU.Build.0 = Release|Any CPU
		{0CDACBF1-DB88-EC95-9ED9-132D384EB0E9}.Debug|Any CPU.ActiveCfg = Debug|Any CPU
		{0CDACBF1-DB88-EC95-9ED9-132D384EB0E9}.Debug|Any CPU.Build.0 = Debug|Any CPU
		{0CDACBF1-DB88-EC95-9ED9-132D384EB0E9}.Release|Any CPU.ActiveCfg = Release|Any CPU
		{0CDACBF1-DB88-EC95-9ED9-132D384EB0E9}.Release|Any CPU.Build.0 = Release|Any CPU
		{B75F132F-4737-BE9E-F8D1-B6C20E951D72}.Debug|Any CPU.ActiveCfg = Debug|Any CPU
		{B75F132F-4737-BE9E-F8D1-B6C20E951D72}.Debug|Any CPU.Build.0 = Debug|Any CPU
		{B75F132F-4737-BE9E-F8D1-B6C20E951D72}.Release|Any CPU.ActiveCfg = Release|Any CPU
		{B75F132F-4737-BE9E-F8D1-B6C20E951D72}.Release|Any CPU.Build.0 = Release|Any CPU
		{76CC822B-D016-B16A-1B77-F31AB7A7FFF1}.Debug|Any CPU.ActiveCfg = Debug|Any CPU
		{76CC822B-D016-B16A-1B77-F31AB7A7FFF1}.Debug|Any CPU.Build.0 = Debug|Any CPU
		{76CC822B-D016-B16A-1B77-F31AB7A7FFF1}.Release|Any CPU.ActiveCfg = Release|Any CPU
		{76CC822B-D016-B16A-1B77-F31AB7A7FFF1}.Release|Any CPU.Build.0 = Release|Any CPU
		{9F14A10C-4EDC-A951-3343-DA32912A6182}.Debug|Any CPU.ActiveCfg = Debug|Any CPU
		{9F14A10C-4EDC-A951-3343-DA32912A6182}.Debug|Any CPU.Build.0 = Debug|Any CPU
		{9F14A10C-4EDC-A951-3343-DA32912A6182}.Release|Any CPU.ActiveCfg = Release|Any CPU
		{9F14A10C-4EDC-A951-3343-DA32912A6182}.Release|Any CPU.Build.0 = Release|Any CPU
		{159A1D6F-8951-8D98-EFE5-88979CA00EC9}.Debug|Any CPU.ActiveCfg = Debug|Any CPU
		{159A1D6F-8951-8D98-EFE5-88979CA00EC9}.Debug|Any CPU.Build.0 = Debug|Any CPU
		{159A1D6F-8951-8D98-EFE5-88979CA00EC9}.Release|Any CPU.ActiveCfg = Release|Any CPU
		{159A1D6F-8951-8D98-EFE5-88979CA00EC9}.Release|Any CPU.Build.0 = Release|Any CPU
	EndGlobalSection
	GlobalSection(SolutionProperties) = preSolution
		HideSolutionNode = FALSE
	EndGlobalSection
EndGlobal
