
Microsoft Visual Studio Solution File, Format Version 12.00
# Visual Studio 15
Project("{FAE04EC0-301F-11D3-BF4B-00C04F79EFBC}") = "MSP2050Plugins", "MSP2050Plugins.csproj", "{E6F04EE4-A41C-6AD9-1575-4DDE9C45BF53}"
EndProject
Project("{FAE04EC0-301F-11D3-BF4B-00C04F79EFBC}") = "MSP2050", "MSP2050.csproj", "{FAF588F7-DD94-30BA-791E-75808190C70B}"
EndProject
Project("{FAE04EC0-301F-11D3-BF4B-00C04F79EFBC}") = "ZFBrowser", "ZFBrowser.csproj", "{99C2EDD1-19BA-A5A3-218E-B45717B664EB}"
EndProject
Project("{FAE04EC0-301F-11D3-BF4B-00C04F79EFBC}") = "LeTai.TranslucentImage.Demo", "LeTai.TranslucentImage.Demo.csproj", "{0B66482B-B9BB-B339-B788-7704DE3F9867}"
EndProject
Project("{FAE04EC0-301F-11D3-BF4B-00C04F79EFBC}") = "GraphMaker", "GraphMaker.csproj", "{2B1873C7-A460-F5F5-083A-A1DE0F6ED716}"
EndProject
Project("{FAE04EC0-301F-11D3-BF4B-00C04F79EFBC}") = "LeTai.TranslucentImage", "LeTai.TranslucentImage.csproj", "{7138D766-DFF1-DC1D-FB61-1983833B0C62}"
EndProject
Project("{FAE04EC0-301F-11D3-BF4B-00C04F79EFBC}") = "SoftwareRasterizerLib", "SoftwareRasterizerLib.csproj", "{AC899835-619B-CA1B-0509-2622E7BFE6AB}"
EndProject
Project("{FAE04EC0-301F-11D3-BF4B-00C04F79EFBC}") = "Sirenix.OdinInspector.CompatibilityLayer", "Sirenix.OdinInspector.CompatibilityLayer.csproj", "{614CDDB0-9838-1037-9B36-E01BBDB9FC2C}"
EndProject
Project("{FAE04EC0-301F-11D3-BF4B-00C04F79EFBC}") = "GraphMakerEditor", "GraphMakerEditor.csproj", "{7A10B55F-5A67-12DD-DC0D-9EF1B71682CD}"
EndProject
Project("{FAE04EC0-301F-11D3-BF4B-00C04F79EFBC}") = "AH_AssemblyDefinition", "AH_AssemblyDefinition.csproj", "{9286201B-2479-FD38-3459-27BB1CBF3008}"
EndProject
Project("{FAE04EC0-301F-11D3-BF4B-00C04F79EFBC}") = "Heureka_GlobalAssemblyDefinition", "Heureka_GlobalAssemblyDefinition.csproj", "{534E43BB-9E41-0AAC-08E3-EB545E1CCF52}"
EndProject
Project("{FAE04EC0-301F-11D3-BF4B-00C04F79EFBC}") = "Sirenix.OdinInspector.CompatibilityLayer.Editor", "Sirenix.OdinInspector.CompatibilityLayer.Editor.csproj", "{ED0150AB-27AB-3434-12F1-A6ABA6216B51}"
EndProject
Project("{FAE04EC0-301F-11D3-BF4B-00C04F79EFBC}") = "LeTai.TranslucentImage.Editor", "LeTai.TranslucentImage.Editor.csproj", "{8BC295FC-FA75-E45F-F2C9-0055D1999040}"
EndProject
Project("{FAE04EC0-301F-11D3-BF4B-00C04F79EFBC}") = "ZFBrowser-Editor", "ZFBrowser-Editor.csproj", "{469327F2-3C7D-AAC7-F066-0905EE432CFB}"
EndProject
Project("{FAE04EC0-301F-11D3-BF4B-00C04F79EFBC}") = "ShaderForgeEditor", "ShaderForgeEditor.csproj", "{7DA647A1-0388-526F-1261-1453B1458B7C}"
EndProject
Project("{FAE04EC0-301F-11D3-BF4B-00C04F79EFBC}") = "MSP2050Editor", "MSP2050Editor.csproj", "{32D72615-6702-8EF5-3FA3-617B04920071}"
EndProject
Global
	GlobalSection(SolutionConfigurationPlatforms) = preSolution
		Debug|Any CPU = Debug|Any CPU
		Release|Any CPU = Release|Any CPU
	EndGlobalSection
	GlobalSection(ProjectConfigurationPlatforms) = postSolution
		{E6F04EE4-A41C-6AD9-1575-4DDE9C45BF53}.Debug|Any CPU.ActiveCfg = Debug|Any CPU
		{E6F04EE4-A41C-6AD9-1575-4DDE9C45BF53}.Debug|Any CPU.Build.0 = Debug|Any CPU
		{E6F04EE4-A41C-6AD9-1575-4DDE9C45BF53}.Release|Any CPU.ActiveCfg = Release|Any CPU
		{E6F04EE4-A41C-6AD9-1575-4DDE9C45BF53}.Release|Any CPU.Build.0 = Release|Any CPU
		{FAF588F7-DD94-30BA-791E-75808190C70B}.Debug|Any CPU.ActiveCfg = Debug|Any CPU
		{FAF588F7-DD94-30BA-791E-75808190C70B}.Debug|Any CPU.Build.0 = Debug|Any CPU
		{FAF588F7-DD94-30BA-791E-75808190C70B}.Release|Any CPU.ActiveCfg = Release|Any CPU
		{FAF588F7-DD94-30BA-791E-75808190C70B}.Release|Any CPU.Build.0 = Release|Any CPU
		{99C2EDD1-19BA-A5A3-218E-B45717B664EB}.Debug|Any CPU.ActiveCfg = Debug|Any CPU
		{99C2EDD1-19BA-A5A3-218E-B45717B664EB}.Debug|Any CPU.Build.0 = Debug|Any CPU
		{99C2EDD1-19BA-A5A3-218E-B45717B664EB}.Release|Any CPU.ActiveCfg = Release|Any CPU
		{99C2EDD1-19BA-A5A3-218E-B45717B664EB}.Release|Any CPU.Build.0 = Release|Any CPU
		{0B66482B-B9BB-B339-B788-7704DE3F9867}.Debug|Any CPU.ActiveCfg = Debug|Any CPU
		{0B66482B-B9BB-B339-B788-7704DE3F9867}.Debug|Any CPU.Build.0 = Debug|Any CPU
		{0B66482B-B9BB-B339-B788-7704DE3F9867}.Release|Any CPU.ActiveCfg = Release|Any CPU
		{0B66482B-B9BB-B339-B788-7704DE3F9867}.Release|Any CPU.Build.0 = Release|Any CPU
		{2B1873C7-A460-F5F5-083A-A1DE0F6ED716}.Debug|Any CPU.ActiveCfg = Debug|Any CPU
		{2B1873C7-A460-F5F5-083A-A1DE0F6ED716}.Debug|Any CPU.Build.0 = Debug|Any CPU
		{2B1873C7-A460-F5F5-083A-A1DE0F6ED716}.Release|Any CPU.ActiveCfg = Release|Any CPU
		{2B1873C7-A460-F5F5-083A-A1DE0F6ED716}.Release|Any CPU.Build.0 = Release|Any CPU
		{7138D766-DFF1-DC1D-FB61-1983833B0C62}.Debug|Any CPU.ActiveCfg = Debug|Any CPU
		{7138D766-DFF1-DC1D-FB61-1983833B0C62}.Debug|Any CPU.Build.0 = Debug|Any CPU
		{7138D766-DFF1-DC1D-FB61-1983833B0C62}.Release|Any CPU.ActiveCfg = Release|Any CPU
		{7138D766-DFF1-DC1D-FB61-1983833B0C62}.Release|Any CPU.Build.0 = Release|Any CPU
		{AC899835-619B-CA1B-0509-2622E7BFE6AB}.Debug|Any CPU.ActiveCfg = Debug|Any CPU
		{AC899835-619B-CA1B-0509-2622E7BFE6AB}.Debug|Any CPU.Build.0 = Debug|Any CPU
		{AC899835-619B-CA1B-0509-2622E7BFE6AB}.Release|Any CPU.ActiveCfg = Release|Any CPU
		{AC899835-619B-CA1B-0509-2622E7BFE6AB}.Release|Any CPU.Build.0 = Release|Any CPU
		{614CDDB0-9838-1037-9B36-E01BBDB9FC2C}.Debug|Any CPU.ActiveCfg = Debug|Any CPU
		{614CDDB0-9838-1037-9B36-E01BBDB9FC2C}.Debug|Any CPU.Build.0 = Debug|Any CPU
		{614CDDB0-9838-1037-9B36-E01BBDB9FC2C}.Release|Any CPU.ActiveCfg = Release|Any CPU
		{614CDDB0-9838-1037-9B36-E01BBDB9FC2C}.Release|Any CPU.Build.0 = Release|Any CPU
		{7A10B55F-5A67-12DD-DC0D-9EF1B71682CD}.Debug|Any CPU.ActiveCfg = Debug|Any CPU
		{7A10B55F-5A67-12DD-DC0D-9EF1B71682CD}.Debug|Any CPU.Build.0 = Debug|Any CPU
		{7A10B55F-5A67-12DD-DC0D-9EF1B71682CD}.Release|Any CPU.ActiveCfg = Release|Any CPU
		{7A10B55F-5A67-12DD-DC0D-9EF1B71682CD}.Release|Any CPU.Build.0 = Release|Any CPU
		{9286201B-2479-FD38-3459-27BB1CBF3008}.Debug|Any CPU.ActiveCfg = Debug|Any CPU
		{9286201B-2479-FD38-3459-27BB1CBF3008}.Debug|Any CPU.Build.0 = Debug|Any CPU
		{9286201B-2479-FD38-3459-27BB1CBF3008}.Release|Any CPU.ActiveCfg = Release|Any CPU
		{9286201B-2479-FD38-3459-27BB1CBF3008}.Release|Any CPU.Build.0 = Release|Any CPU
		{534E43BB-9E41-0AAC-08E3-EB545E1CCF52}.Debug|Any CPU.ActiveCfg = Debug|Any CPU
		{534E43BB-9E41-0AAC-08E3-EB545E1CCF52}.Debug|Any CPU.Build.0 = Debug|Any CPU
		{534E43BB-9E41-0AAC-08E3-EB545E1CCF52}.Release|Any CPU.ActiveCfg = Release|Any CPU
		{534E43BB-9E41-0AAC-08E3-EB545E1CCF52}.Release|Any CPU.Build.0 = Release|Any CPU
		{ED0150AB-27AB-3434-12F1-A6ABA6216B51}.Debug|Any CPU.ActiveCfg = Debug|Any CPU
		{ED0150AB-27AB-3434-12F1-A6ABA6216B51}.Debug|Any CPU.Build.0 = Debug|Any CPU
		{ED0150AB-27AB-3434-12F1-A6ABA6216B51}.Release|Any CPU.ActiveCfg = Release|Any CPU
		{ED0150AB-27AB-3434-12F1-A6ABA6216B51}.Release|Any CPU.Build.0 = Release|Any CPU
		{8BC295FC-FA75-E45F-F2C9-0055D1999040}.Debug|Any CPU.ActiveCfg = Debug|Any CPU
		{8BC295FC-FA75-E45F-F2C9-0055D1999040}.Debug|Any CPU.Build.0 = Debug|Any CPU
		{8BC295FC-FA75-E45F-F2C9-0055D1999040}.Release|Any CPU.ActiveCfg = Release|Any CPU
		{8BC295FC-FA75-E45F-F2C9-0055D1999040}.Release|Any CPU.Build.0 = Release|Any CPU
		{469327F2-3C7D-AAC7-F066-0905EE432CFB}.Debug|Any CPU.ActiveCfg = Debug|Any CPU
		{469327F2-3C7D-AAC7-F066-0905EE432CFB}.Debug|Any CPU.Build.0 = Debug|Any CPU
		{469327F2-3C7D-AAC7-F066-0905EE432CFB}.Release|Any CPU.ActiveCfg = Release|Any CPU
		{469327F2-3C7D-AAC7-F066-0905EE432CFB}.Release|Any CPU.Build.0 = Release|Any CPU
		{7DA647A1-0388-526F-1261-1453B1458B7C}.Debug|Any CPU.ActiveCfg = Debug|Any CPU
		{7DA647A1-0388-526F-1261-1453B1458B7C}.Debug|Any CPU.Build.0 = Debug|Any CPU
		{7DA647A1-0388-526F-1261-1453B1458B7C}.Release|Any CPU.ActiveCfg = Release|Any CPU
		{7DA647A1-0388-526F-1261-1453B1458B7C}.Release|Any CPU.Build.0 = Release|Any CPU
		{32D72615-6702-8EF5-3FA3-617B04920071}.Debug|Any CPU.ActiveCfg = Debug|Any CPU
		{32D72615-6702-8EF5-3FA3-617B04920071}.Debug|Any CPU.Build.0 = Debug|Any CPU
		{32D72615-6702-8EF5-3FA3-617B04920071}.Release|Any CPU.ActiveCfg = Release|Any CPU
		{32D72615-6702-8EF5-3FA3-617B04920071}.Release|Any CPU.Build.0 = Release|Any CPU
	EndGlobalSection
	GlobalSection(SolutionProperties) = preSolution
		HideSolutionNode = FALSE
	EndGlobalSection
EndGlobal
